
Microsoft Visual Studio Solution File, Format Version 12.00
# Visual Studio Version 17
VisualStudioVersion = 17.11.35219.272
MinimumVisualStudioVersion = 10.0.40219.1
Project("{FAE04EC0-301F-11D3-BF4B-00C04F79EFBC}") = "Cadastro de Clientes", "Cadastro de Clientes\Cadastro de Clientes.csproj", "{C3CE043C-036B-496C-958C-CF3562CACC6B}"
EndProject
Global
	GlobalSection(SolutionConfigurationPlatforms) = preSolution
		Debug|Any CPU = Debug|Any CPU
		Release|Any CPU = Release|Any CPU
	EndGlobalSection
	GlobalSection(ProjectConfigurationPlatforms) = postSolution
		{C3CE043C-036B-496C-958C-CF3562CACC6B}.Debug|Any CPU.ActiveCfg = Debug|Any CPU
		{C3CE043C-036B-496C-958C-CF3562CACC6B}.Debug|Any CPU.Build.0 = Debug|Any CPU
		{C3CE043C-036B-496C-958C-CF3562CACC6B}.Release|Any CPU.ActiveCfg = Release|Any CPU
		{C3CE043C-036B-496C-958C-CF3562CACC6B}.Release|Any CPU.Build.0 = Release|Any CPU
	EndGlobalSection
	GlobalSection(SolutionProperties) = preSolution
		HideSolutionNode = FALSE
	EndGlobalSection
	GlobalSection(ExtensibilityGlobals) = postSolution
		SolutionGuid = {DE81E666-142E-4ED3-BAB2-ED4EE0980D16}
	EndGlobalSection
EndGlobal
